
Microsoft Visual Studio Solution File, Format Version 12.00
# Visual Studio Version 16
VisualStudioVersion = 16.0.29911.84
MinimumVisualStudioVersion = 10.0.40219.1
Project("{9A19103F-16F7-4668-BE54-9A1E7A4F7556}") = "ClamDataLibrary", "ClamDataLibrary\ClamDataLibrary.csproj", "{55808BFE-45E2-4DEF-8197-880EFA50DE1E}"
EndProject
Project("{9A19103F-16F7-4668-BE54-9A1E7A4F7556}") = "Clam", "Clam\Clam.csproj", "{4055A785-D9B5-4455-A910-7FB0D77EE476}"
EndProject
Project("{9A19103F-16F7-4668-BE54-9A1E7A4F7556}") = "Clam.UnitTests", "Clam.UnitTests\Clam.UnitTests.csproj", "{8700BEC7-0BE6-47B6-851D-2E95E6509126}"
EndProject
Global
	GlobalSection(SolutionConfigurationPlatforms) = preSolution
		Debug|Any CPU = Debug|Any CPU
		Release|Any CPU = Release|Any CPU
	EndGlobalSection
	GlobalSection(ProjectConfigurationPlatforms) = postSolution
		{55808BFE-45E2-4DEF-8197-880EFA50DE1E}.Debug|Any CPU.ActiveCfg = Debug|Any CPU
		{55808BFE-45E2-4DEF-8197-880EFA50DE1E}.Debug|Any CPU.Build.0 = Debug|Any CPU
		{55808BFE-45E2-4DEF-8197-880EFA50DE1E}.Release|Any CPU.ActiveCfg = Release|Any CPU
		{55808BFE-45E2-4DEF-8197-880EFA50DE1E}.Release|Any CPU.Build.0 = Release|Any CPU
		{4055A785-D9B5-4455-A910-7FB0D77EE476}.Debug|Any CPU.ActiveCfg = Debug|Any CPU
		{4055A785-D9B5-4455-A910-7FB0D77EE476}.Debug|Any CPU.Build.0 = Debug|Any CPU
		{4055A785-D9B5-4455-A910-7FB0D77EE476}.Release|Any CPU.ActiveCfg = Release|Any CPU
		{4055A785-D9B5-4455-A910-7FB0D77EE476}.Release|Any CPU.Build.0 = Release|Any CPU
		{8700BEC7-0BE6-47B6-851D-2E95E6509126}.Debug|Any CPU.ActiveCfg = Debug|Any CPU
		{8700BEC7-0BE6-47B6-851D-2E95E6509126}.Debug|Any CPU.Build.0 = Debug|Any CPU
		{8700BEC7-0BE6-47B6-851D-2E95E6509126}.Release|Any CPU.ActiveCfg = Release|Any CPU
		{8700BEC7-0BE6-47B6-851D-2E95E6509126}.Release|Any CPU.Build.0 = Release|Any CPU
	EndGlobalSection
	GlobalSection(SolutionProperties) = preSolution
		HideSolutionNode = FALSE
	EndGlobalSection
	GlobalSection(ExtensibilityGlobals) = postSolution
		SolutionGuid = {869067CF-69FF-4CE3-8BD8-F6CBF1BEB789}
	EndGlobalSection
EndGlobal
